
Microsoft Visual Studio Solution File, Format Version 12.00
# Visual Studio Version 16
VisualStudioVersion = 16.0.29215.179
MinimumVisualStudioVersion = 10.0.40219.1
Project("{FAE04EC0-301F-11D3-BF4B-00C04F79EFBC}") = "service", "service\service.csproj", "{576ED37C-E51A-4416-982C-806BCE6BB836}"
EndProject
Project("{FAE04EC0-301F-11D3-BF4B-00C04F79EFBC}") = "client", "client\client.csproj", "{A5E7F023-F40C-42D8-A817-E3F4E046EC6F}"
EndProject
Global
	GlobalSection(SolutionConfigurationPlatforms) = preSolution
		Debug|Any CPU = Debug|Any CPU
		Release|Any CPU = Release|Any CPU
	EndGlobalSection
	GlobalSection(ProjectConfigurationPlatforms) = postSolution
		{576ED37C-E51A-4416-982C-806BCE6BB836}.Debug|Any CPU.ActiveCfg = Debug|Any CPU
		{576ED37C-E51A-4416-982C-806BCE6BB836}.Debug|Any CPU.Build.0 = Debug|Any CPU
		{576ED37C-E51A-4416-982C-806BCE6BB836}.Release|Any CPU.ActiveCfg = Release|Any CPU
		{576ED37C-E51A-4416-982C-806BCE6BB836}.Release|Any CPU.Build.0 = Release|Any CPU
		{A5E7F023-F40C-42D8-A817-E3F4E046EC6F}.Debug|Any CPU.ActiveCfg = Debug|Any CPU
		{A5E7F023-F40C-42D8-A817-E3F4E046EC6F}.Debug|Any CPU.Build.0 = Debug|Any CPU
		{A5E7F023-F40C-42D8-A817-E3F4E046EC6F}.Release|Any CPU.ActiveCfg = Release|Any CPU
		{A5E7F023-F40C-42D8-A817-E3F4E046EC6F}.Release|Any CPU.Build.0 = Release|Any CPU
	EndGlobalSection
	GlobalSection(SolutionProperties) = preSolution
		HideSolutionNode = FALSE
	EndGlobalSection
	GlobalSection(ExtensibilityGlobals) = postSolution
		SolutionGuid = {F5CD5924-FB3E-4A87-811D-7D2DD3A6C046}
	EndGlobalSection
EndGlobal
